{
  "name": "Login System",
  "lockfileVersion": 3,
  "requires": true,
  "packages": {
    "": {
      "dependencies": {
        "es6": "^0.0.7",
        "esm": "^3.2.25"
      }
    },
    "node_modules/es6": {
      "version": "0.0.7",
      "resolved": "https://registry.npmjs.org/es6/-/es6-0.0.7.tgz",
      "integrity": "sha512-B/IoUXCxacDpNLSjEpXg4TsYURqZRVCTPeq/aFmN9/r/tW/0A9CI9E9NRSV/eWXCf6oCzvqFk9btmaL38TfwxQ==",
      "engines": {
        "node": ">=0.4.9"
      },
      "license": {
        "name": "MIT",
        "url": "http://www.opensource.org/licenses/mit-license.php"
      }
    },
    "node_modules/esm": {
      "version": "3.2.25",
      "resolved": "https://registry.npmjs.org/esm/-/esm-3.2.25.tgz",
      "integrity": "sha512-U1suiZ2oDVWv4zPO56S0NcR5QriEahGtdN2OR6FiOG4WJvcjBVFB0qI4+eKoWFH483PKGuLuu6V8Z4T5g63UVA==",
      "license": "MIT",
      "engines": {
        "node": ">=6"
      }
    }
  }
}
